// !$*UTF8*$!
{
	archiveVersion = 1;
	classes = {
	};
	objectVersion = 56;
	objects = {

/* Begin PBXBuildFile section */
		4CDECE27296EDF7000677098 /* Tarinshot2App.swift in Sources */ = {isa = PBXBuildFile; fileRef = 4CDECE26296EDF7000677098 /* Tarinshot2App.swift */; };
		4CDECE2F296EDF7100677098 /* Preview Assets.xcassets in Resources */ = {isa = PBXBuildFile; fileRef = 4CDECE2E296EDF7100677098 /* Preview Assets.xcassets */; };
		4CDECE39296EDF7100677098 /* Tarinshot2Tests.swift in Sources */ = {isa = PBXBuildFile; fileRef = 4CDECE38296EDF7100677098 /* Tarinshot2Tests.swift */; };
		4CDECE43296EDF7100677098 /* Tarinshot2UITests.swift in Sources */ = {isa = PBXBuildFile; fileRef = 4CDECE42296EDF7100677098 /* Tarinshot2UITests.swift */; };
		4CDECE45296EDF7100677098 /* Tarinshot2UITestsLaunchTests.swift in Sources */ = {isa = PBXBuildFile; fileRef = 4CDECE44296EDF7100677098 /* Tarinshot2UITestsLaunchTests.swift */; };
		4CDECE61296F65BC00677098 /* LoadingPage.swift in Sources */ = {isa = PBXBuildFile; fileRef = 4CDECE60296F65BC00677098 /* LoadingPage.swift */; };
		4CDECE63296F65C400677098 /* CleaningGuide.swift in Sources */ = {isa = PBXBuildFile; fileRef = 4CDECE62296F65C400677098 /* CleaningGuide.swift */; };
		4CDECE65296F65CA00677098 /* Materials.swift in Sources */ = {isa = PBXBuildFile; fileRef = 4CDECE64296F65CA00677098 /* Materials.swift */; };
		4CDECE67296F65D000677098 /* Stains.swift in Sources */ = {isa = PBXBuildFile; fileRef = 4CDECE66296F65D000677098 /* Stains.swift */; };
		4CDECE69296F65DA00677098 /* Assets.xcassets in Resources */ = {isa = PBXBuildFile; fileRef = 4CDECE68296F65DA00677098 /* Assets.xcassets */; };
		4CDECE6D296F6B8400677098 /* Localizable.strings in Resources */ = {isa = PBXBuildFile; fileRef = 4CDECE6F296F6B8400677098 /* Localizable.strings */; };
/* End PBXBuildFile section */

/* Begin PBXContainerItemProxy section */
		4CDECE35296EDF7100677098 /* PBXContainerItemProxy */ = {
			isa = PBXContainerItemProxy;
			containerPortal = 4CDECE1B296EDF7000677098 /* Project object */;
			proxyType = 1;
			remoteGlobalIDString = 4CDECE22296EDF7000677098;
			remoteInfo = Tarinshot2;
		};
		4CDECE3F296EDF7100677098 /* PBXContainerItemProxy */ = {
			isa = PBXContainerItemProxy;
			containerPortal = 4CDECE1B296EDF7000677098 /* Project object */;
			proxyType = 1;
			remoteGlobalIDString = 4CDECE22296EDF7000677098;
			remoteInfo = Tarinshot2;
		};
/* End PBXContainerItemProxy section */

/* Begin PBXFileReference section */
		4CDECE23296EDF7000677098 /* Blot.app */ = {isa = PBXFileReference; explicitFileType = wrapper.application; includeInIndex = 0; path = Blot.app; sourceTree = BUILT_PRODUCTS_DIR; };
		4CDECE26296EDF7000677098 /* Tarinshot2App.swift */ = {isa = PBXFileReference; lastKnownFileType = sourcecode.swift; path = Tarinshot2App.swift; sourceTree = "<group>"; };
		4CDECE2C296EDF7100677098 /* Tarinshot2.entitlements */ = {isa = PBXFileReference; lastKnownFileType = text.plist.entitlements; path = Tarinshot2.entitlements; sourceTree = "<group>"; };
		4CDECE2E296EDF7100677098 /* Preview Assets.xcassets */ = {isa = PBXFileReference; lastKnownFileType = folder.assetcatalog; path = "Preview Assets.xcassets"; sourceTree = "<group>"; };
		4CDECE34296EDF7100677098 /* BlotTests.xctest */ = {isa = PBXFileReference; explicitFileType = wrapper.cfbundle; includeInIndex = 0; path = BlotTests.xctest; sourceTree = BUILT_PRODUCTS_DIR; };
		4CDECE38296EDF7100677098 /* Tarinshot2Tests.swift */ = {isa = PBXFileReference; lastKnownFileType = sourcecode.swift; path = Tarinshot2Tests.swift; sourceTree = "<group>"; };
		4CDECE3E296EDF7100677098 /* BlotUITests.xctest */ = {isa = PBXFileReference; explicitFileType = wrapper.cfbundle; includeInIndex = 0; path = BlotUITests.xctest; sourceTree = BUILT_PRODUCTS_DIR; };
		4CDECE42296EDF7100677098 /* Tarinshot2UITests.swift */ = {isa = PBXFileReference; lastKnownFileType = sourcecode.swift; path = Tarinshot2UITests.swift; sourceTree = "<group>"; };
		4CDECE44296EDF7100677098 /* Tarinshot2UITestsLaunchTests.swift */ = {isa = PBXFileReference; lastKnownFileType = sourcecode.swift; path = Tarinshot2UITestsLaunchTests.swift; sourceTree = "<group>"; };
		4CDECE60296F65BC00677098 /* LoadingPage.swift */ = {isa = PBXFileReference; fileEncoding = 4; lastKnownFileType = sourcecode.swift; name = LoadingPage.swift; path = "../../../Downloads/Tarnishot 2/Tarnishot/LoadingPage.swift"; sourceTree = "<group>"; };
		4CDECE62296F65C400677098 /* CleaningGuide.swift */ = {isa = PBXFileReference; fileEncoding = 4; lastKnownFileType = sourcecode.swift; name = CleaningGuide.swift; path = "../../../Downloads/Tarnishot 2/Tarnishot/CleaningGuide.swift"; sourceTree = "<group>"; };
		4CDECE64296F65CA00677098 /* Materials.swift */ = {isa = PBXFileReference; fileEncoding = 4; lastKnownFileType = sourcecode.swift; name = Materials.swift; path = "../../../Downloads/Tarnishot 2/Tarnishot/Materials.swift"; sourceTree = "<group>"; };
		4CDECE66296F65D000677098 /* Stains.swift */ = {isa = PBXFileReference; fileEncoding = 4; lastKnownFileType = sourcecode.swift; name = Stains.swift; path = "../../../Downloads/Tarnishot 2/Tarnishot/Stains.swift"; sourceTree = "<group>"; };
		4CDECE68296F65DA00677098 /* Assets.xcassets */ = {isa = PBXFileReference; lastKnownFileType = folder.assetcatalog; name = Assets.xcassets; path = "../../../Downloads/Tarnishot 2/Tarnishot/Assets.xcassets"; sourceTree = "<group>"; };
		4CDECE6E296F6B8400677098 /* ar */ = {isa = PBXFileReference; lastKnownFileType = text.plist.strings; name = ar; path = ar.lproj/Localizable.strings; sourceTree = "<group>"; };
		4CDECE70296F6B8700677098 /* en */ = {isa = PBXFileReference; lastKnownFileType = text.plist.strings; name = en; path = en.lproj/Localizable.strings; sourceTree = "<group>"; };
/* End PBXFileReference section */

/* Begin PBXFrameworksBuildPhase section */
		4CDECE20296EDF7000677098 /* Frameworks */ = {
			isa = PBXFrameworksBuildPhase;
			buildActionMask = 2147483647;
			files = (
			);
			runOnlyForDeploymentPostprocessing = 0;
		};
		4CDECE31296EDF7100677098 /* Frameworks */ = {
			isa = PBXFrameworksBuildPhase;
			buildActionMask = 2147483647;
			files = (
			);
			runOnlyForDeploymentPostprocessing = 0;
		};
		4CDECE3B296EDF7100677098 /* Frameworks */ = {
			isa = PBXFrameworksBuildPhase;
			buildActionMask = 2147483647;
			files = (
			);
			runOnlyForDeploymentPostprocessing = 0;
		};
/* End PBXFrameworksBuildPhase section */

/* Begin PBXGroup section */
		4CDECE1A296EDF7000677098 = {
			isa = PBXGroup;
			children = (
				4CDECE25296EDF7000677098 /* Tarinshot2 */,
				4CDECE37296EDF7100677098 /* Tarinshot2Tests */,
				4CDECE41296EDF7100677098 /* Tarinshot2UITests */,
				4CDECE24296EDF7000677098 /* Products */,
			);
			sourceTree = "<group>";
		};
		4CDECE24296EDF7000677098 /* Products */ = {
			isa = PBXGroup;
			children = (
				4CDECE23296EDF7000677098 /* Blot.app */,
				4CDECE34296EDF7100677098 /* BlotTests.xctest */,
				4CDECE3E296EDF7100677098 /* BlotUITests.xctest */,
			);
			name = Products;
			sourceTree = "<group>";
		};
		4CDECE25296EDF7000677098 /* Tarinshot2 */ = {
			isa = PBXGroup;
			children = (
				4CDECE26296EDF7000677098 /* Tarinshot2App.swift */,
				4CDECE60296F65BC00677098 /* LoadingPage.swift */,
				4CDECE62296F65C400677098 /* CleaningGuide.swift */,
				4CDECE64296F65CA00677098 /* Materials.swift */,
				4CDECE66296F65D000677098 /* Stains.swift */,
				4CDECE6F296F6B8400677098 /* Localizable.strings */,
				4CDECE68296F65DA00677098 /* Assets.xcassets */,
				4CDECE2C296EDF7100677098 /* Tarinshot2.entitlements */,
				4CDECE2D296EDF7100677098 /* Preview Content */,
			);
			path = Tarinshot2;
			sourceTree = "<group>";
		};
		4CDECE2D296EDF7100677098 /* Preview Content */ = {
			isa = PBXGroup;
			children = (
				4CDECE2E296EDF7100677098 /* Preview Assets.xcassets */,
			);
			path = "Preview Content";
			sourceTree = "<group>";
		};
		4CDECE37296EDF7100677098 /* Tarinshot2Tests */ = {
			isa = PBXGroup;
			children = (
				4CDECE38296EDF7100677098 /* Tarinshot2Tests.swift */,
			);
			path = Tarinshot2Tests;
			sourceTree = "<group>";
		};
		4CDECE41296EDF7100677098 /* Tarinshot2UITests */ = {
			isa = PBXGroup;
			children = (
				4CDECE42296EDF7100677098 /* Tarinshot2UITests.swift */,
				4CDECE44296EDF7100677098 /* Tarinshot2UITestsLaunchTests.swift */,
			);
			path = Tarinshot2UITests;
			sourceTree = "<group>";
		};
/* End PBXGroup section */

/* Begin PBXNativeTarget section */
		4CDECE22296EDF7000677098 /* Blot */ = {
			isa = PBXNativeTarget;
			buildConfigurationList = 4CDECE48296EDF7100677098 /* Build configuration list for PBXNativeTarget "Blot" */;
			buildPhases = (
				4CDECE1F296EDF7000677098 /* Sources */,
				4CDECE20296EDF7000677098 /* Frameworks */,
				4CDECE21296EDF7000677098 /* Resources */,
			);
			buildRules = (
			);
			dependencies = (
			);
			name = Blot;
			productName = Tarinshot2;
			productReference = 4CDECE23296EDF7000677098 /* Blot.app */;
			productType = "com.apple.product-type.application";
		};
		4CDECE33296EDF7100677098 /* BlotTests */ = {
			isa = PBXNativeTarget;
			buildConfigurationList = 4CDECE4B296EDF7100677098 /* Build configuration list for PBXNativeTarget "BlotTests" */;
			buildPhases = (
				4CDECE30296EDF7100677098 /* Sources */,
				4CDECE31296EDF7100677098 /* Frameworks */,
				4CDECE32296EDF7100677098 /* Resources */,
			);
			buildRules = (
			);
			dependencies = (
				4CDECE36296EDF7100677098 /* PBXTargetDependency */,
			);
			name = BlotTests;
			productName = Tarinshot2Tests;
			productReference = 4CDECE34296EDF7100677098 /* BlotTests.xctest */;
			productType = "com.apple.product-type.bundle.unit-test";
		};
		4CDECE3D296EDF7100677098 /* BlotUITests */ = {
			isa = PBXNativeTarget;
			buildConfigurationList = 4CDECE4E296EDF7100677098 /* Build configuration list for PBXNativeTarget "BlotUITests" */;
			buildPhases = (
				4CDECE3A296EDF7100677098 /* Sources */,
				4CDECE3B296EDF7100677098 /* Frameworks */,
				4CDECE3C296EDF7100677098 /* Resources */,
			);
			buildRules = (
			);
			dependencies = (
				4CDECE40296EDF7100677098 /* PBXTargetDependency */,
			);
			name = BlotUITests;
			productName = Tarinshot2UITests;
			productReference = 4CDECE3E296EDF7100677098 /* BlotUITests.xctest */;
			productType = "com.apple.product-type.bundle.ui-testing";
		};
/* End PBXNativeTarget section */

/* Begin PBXProject section */
		4CDECE1B296EDF7000677098 /* Project object */ = {
			isa = PBXProject;
			attributes = {
				BuildIndependentTargetsInParallel = 1;
				LastSwiftUpdateCheck = 1410;
				LastUpgradeCheck = 1410;
				TargetAttributes = {
					4CDECE22296EDF7000677098 = {
						CreatedOnToolsVersion = 14.1;
					};
					4CDECE33296EDF7100677098 = {
						CreatedOnToolsVersion = 14.1;
						TestTargetID = 4CDECE22296EDF7000677098;
					};
					4CDECE3D296EDF7100677098 = {
						CreatedOnToolsVersion = 14.1;
						TestTargetID = 4CDECE22296EDF7000677098;
					};
				};
			};
			buildConfigurationList = 4CDECE1E296EDF7000677098 /* Build configuration list for PBXProject "Blot" */;
			compatibilityVersion = "Xcode 14.0";
			developmentRegion = en;
			hasScannedForEncodings = 0;
			knownRegions = (
				en,
				ar,
				Base,
				fr,
			);
			mainGroup = 4CDECE1A296EDF7000677098;
			productRefGroup = 4CDECE24296EDF7000677098 /* Products */;
			projectDirPath = "";
			projectRoot = "";
			targets = (
				4CDECE22296EDF7000677098 /* Blot */,
				4CDECE33296EDF7100677098 /* BlotTests */,
				4CDECE3D296EDF7100677098 /* BlotUITests */,
			);
		};
/* End PBXProject section */

/* Begin PBXResourcesBuildPhase section */
		4CDECE21296EDF7000677098 /* Resources */ = {
			isa = PBXResourcesBuildPhase;
			buildActionMask = 2147483647;
			files = (
				4CDECE2F296EDF7100677098 /* Preview Assets.xcassets in Resources */,
				4CDECE6D296F6B8400677098 /* Localizable.strings in Resources */,
				4CDECE69296F65DA00677098 /* Assets.xcassets in Resources */,
			);
			runOnlyForDeploymentPostprocessing = 0;
		};
		4CDECE32296EDF7100677098 /* Resources */ = {
			isa = PBXResourcesBuildPhase;
			buildActionMask = 2147483647;
			files = (
			);
			runOnlyForDeploymentPostprocessing = 0;
		};
		4CDECE3C296EDF7100677098 /* Resources */ = {
			isa = PBXResourcesBuildPhase;
			buildActionMask = 2147483647;
			files = (
			);
			runOnlyForDeploymentPostprocessing = 0;
		};
/* End PBXResourcesBuildPhase section */

/* Begin PBXSourcesBuildPhase section */
		4CDECE1F296EDF7000677098 /* Sources */ = {
			isa = PBXSourcesBuildPhase;
			buildActionMask = 2147483647;
			files = (
				4CDECE65296F65CA00677098 /* Materials.swift in Sources */,
				4CDECE27296EDF7000677098 /* Tarinshot2App.swift in Sources */,
				4CDECE63296F65C400677098 /* CleaningGuide.swift in Sources */,
				4CDECE67296F65D000677098 /* Stains.swift in Sources */,
				4CDECE61296F65BC00677098 /* LoadingPage.swift in Sources */,
			);
			runOnlyForDeploymentPostprocessing = 0;
		};
		4CDECE30296EDF7100677098 /* Sources */ = {
			isa = PBXSourcesBuildPhase;
			buildActionMask = 2147483647;
			files = (
				4CDECE39296EDF7100677098 /* Tarinshot2Tests.swift in Sources */,
			);
			runOnlyForDeploymentPostprocessing = 0;
		};
		4CDECE3A296EDF7100677098 /* Sources */ = {
			isa = PBXSourcesBuildPhase;
			buildActionMask = 2147483647;
			files = (
				4CDECE45296EDF7100677098 /* Tarinshot2UITestsLaunchTests.swift in Sources */,
				4CDECE43296EDF7100677098 /* Tarinshot2UITests.swift in Sources */,
			);
			runOnlyForDeploymentPostprocessing = 0;
		};
/* End PBXSourcesBuildPhase section */

/* Begin PBXTargetDependency section */
		4CDECE36296EDF7100677098 /* PBXTargetDependency */ = {
			isa = PBXTargetDependency;
			target = 4CDECE22296EDF7000677098 /* Blot */;
			targetProxy = 4CDECE35296EDF7100677098 /* PBXContainerItemProxy */;
		};
		4CDECE40296EDF7100677098 /* PBXTargetDependency */ = {
			isa = PBXTargetDependency;
			target = 4CDECE22296EDF7000677098 /* Blot */;
			targetProxy = 4CDECE3F296EDF7100677098 /* PBXContainerItemProxy */;
		};
/* End PBXTargetDependency section */

/* Begin PBXVariantGroup section */
		4CDECE6F296F6B8400677098 /* Localizable.strings */ = {
			isa = PBXVariantGroup;
			children = (
				4CDECE6E296F6B8400677098 /* ar */,
				4CDECE70296F6B8700677098 /* en */,
			);
			name = Localizable.strings;
			sourceTree = "<group>";
		};
/* End PBXVariantGroup section */

/* Begin XCBuildConfiguration section */
		4CDECE46296EDF7100677098 /* Debug */ = {
			isa = XCBuildConfiguration;
			buildSettings = {
				ALWAYS_SEARCH_USER_PATHS = NO;
				CLANG_ANALYZER_NONNULL = YES;
				CLANG_ANALYZER_NUMBER_OBJECT_CONVERSION = YES_AGGRESSIVE;
				CLANG_CXX_LANGUAGE_STANDARD = "gnu++20";
				CLANG_ENABLE_MODULES = YES;
				CLANG_ENABLE_OBJC_ARC = YES;
				CLANG_ENABLE_OBJC_WEAK = YES;
				CLANG_WARN_BLOCK_CAPTURE_AUTORELEASING = YES;
				CLANG_WARN_BOOL_CONVERSION = YES;
				CLANG_WARN_COMMA = YES;
				CLANG_WARN_CONSTANT_CONVERSION = YES;
				CLANG_WARN_DEPRECATED_OBJC_IMPLEMENTATIONS = YES;
				CLANG_WARN_DIRECT_OBJC_ISA_USAGE = YES_ERROR;
				CLANG_WARN_DOCUMENTATION_COMMENTS = YES;
				CLANG_WARN_EMPTY_BODY = YES;
				CLANG_WARN_ENUM_CONVERSION = YES;
				CLANG_WARN_INFINITE_RECURSION = YES;
				CLANG_WARN_INT_CONVERSION = YES;
				CLANG_WARN_NON_LITERAL_NULL_CONVERSION = YES;
				CLANG_WARN_OBJC_IMPLICIT_RETAIN_SELF = YES;
				CLANG_WARN_OBJC_LITERAL_CONVERSION = YES;
				CLANG_WARN_OBJC_ROOT_CLASS = YES_ERROR;
				CLANG_WARN_QUOTED_INCLUDE_IN_FRAMEWORK_HEADER = YES;
				CLANG_WARN_RANGE_LOOP_ANALYSIS = YES;
				CLANG_WARN_STRICT_PROTOTYPES = YES;
				CLANG_WARN_SUSPICIOUS_MOVE = YES;
				CLANG_WARN_UNGUARDED_AVAILABILITY = YES_AGGRESSIVE;
				CLANG_WARN_UNREACHABLE_CODE = YES;
				CLANG_WARN__DUPLICATE_METHOD_MATCH = YES;
				COPY_PHASE_STRIP = NO;
				DEBUG_INFORMATION_FORMAT = dwarf;
				ENABLE_STRICT_OBJC_MSGSEND = YES;
				ENABLE_TESTABILITY = YES;
				GCC_C_LANGUAGE_STANDARD = gnu11;
				GCC_DYNAMIC_NO_PIC = NO;
				GCC_NO_COMMON_BLOCKS = YES;
				GCC_OPTIMIZATION_LEVEL = 0;
				GCC_PREPROCESSOR_DEFINITIONS = (
					"DEBUG=1",
					"$(inherited)",
				);
				GCC_WARN_64_TO_32_BIT_CONVERSION = YES;
				GCC_WARN_ABOUT_RETURN_TYPE = YES_ERROR;
				GCC_WARN_UNDECLARED_SELECTOR = YES;
				GCC_WARN_UNINITIALIZED_AUTOS = YES_AGGRESSIVE;
				GCC_WARN_UNUSED_FUNCTION = YES;
				GCC_WARN_UNUSED_VARIABLE = YES;
				MTL_ENABLE_DEBUG_INFO = INCLUDE_SOURCE;
				MTL_FAST_MATH = YES;
				ONLY_ACTIVE_ARCH = YES;
				SWIFT_ACTIVE_COMPILATION_CONDITIONS = DEBUG;
				SWIFT_OPTIMIZATION_LEVEL = "-Onone";
			};
			name = Debug;
		};
		4CDECE47296EDF7100677098 /* Release */ = {
			isa = XCBuildConfiguration;
			buildSettings = {
				ALWAYS_SEARCH_USER_PATHS = NO;
				CLANG_ANALYZER_NONNULL = YES;
				CLANG_ANALYZER_NUMBER_OBJECT_CONVERSION = YES_AGGRESSIVE;
				CLANG_CXX_LANGUAGE_STANDARD = "gnu++20";
				CLANG_ENABLE_MODULES = YES;
				CLANG_ENABLE_OBJC_ARC = YES;
				CLANG_ENABLE_OBJC_WEAK = YES;
				CLANG_WARN_BLOCK_CAPTURE_AUTORELEASING = YES;
				CLANG_WARN_BOOL_CONVERSION = YES;
				CLANG_WARN_COMMA = YES;
				CLANG_WARN_CONSTANT_CONVERSION = YES;
				CLANG_WARN_DEPRECATED_OBJC_IMPLEMENTATIONS = YES;
				CLANG_WARN_DIRECT_OBJC_ISA_USAGE = YES_ERROR;
				CLANG_WARN_DOCUMENTATION_COMMENTS = YES;
				CLANG_WARN_EMPTY_BODY = YES;
				CLANG_WARN_ENUM_CONVERSION = YES;
				CLANG_WARN_INFINITE_RECURSION = YES;
				CLANG_WARN_INT_CONVERSION = YES;
				CLANG_WARN_NON_LITERAL_NULL_CONVERSION = YES;
				CLANG_WARN_OBJC_IMPLICIT_RETAIN_SELF = YES;
				CLANG_WARN_OBJC_LITERAL_CONVERSION = YES;
				CLANG_WARN_OBJC_ROOT_CLASS = YES_ERROR;
				CLANG_WARN_QUOTED_INCLUDE_IN_FRAMEWORK_HEADER = YES;
				CLANG_WARN_RANGE_LOOP_ANALYSIS = YES;
				CLANG_WARN_STRICT_PROTOTYPES = YES;
				CLANG_WARN_SUSPICIOUS_MOVE = YES;
				CLANG_WARN_UNGUARDED_AVAILABILITY = YES_AGGRESSIVE;
				CLANG_WARN_UNREACHABLE_CODE = YES;
				CLANG_WARN__DUPLICATE_METHOD_MATCH = YES;
				COPY_PHASE_STRIP = NO;
				DEBUG_INFORMATION_FORMAT = "dwarf-with-dsym";
				ENABLE_NS_ASSERTIONS = NO;
				ENABLE_STRICT_OBJC_MSGSEND = YES;
				GCC_C_LANGUAGE_STANDARD = gnu11;
				GCC_NO_COMMON_BLOCKS = YES;
				GCC_WARN_64_TO_32_BIT_CONVERSION = YES;
				GCC_WARN_ABOUT_RETURN_TYPE = YES_ERROR;
				GCC_WARN_UNDECLARED_SELECTOR = YES;
				GCC_WARN_UNINITIALIZED_AUTOS = YES_AGGRESSIVE;
				GCC_WARN_UNUSED_FUNCTION = YES;
				GCC_WARN_UNUSED_VARIABLE = YES;
				MTL_ENABLE_DEBUG_INFO = NO;
				MTL_FAST_MATH = YES;
				SWIFT_COMPILATION_MODE = wholemodule;
				SWIFT_OPTIMIZATION_LEVEL = "-O";
			};
			name = Release;
		};
		4CDECE49296EDF7100677098 /* Debug */ = {
			isa = XCBuildConfiguration;
			buildSettings = {
				ASSETCATALOG_COMPILER_APPICON_NAME = AppIcon;
				ASSETCATALOG_COMPILER_GLOBAL_ACCENT_COLOR_NAME = AccentColor;
				CODE_SIGN_ENTITLEMENTS = Tarinshot2/Tarinshot2.entitlements;
				CODE_SIGN_STYLE = Automatic;
				CURRENT_PROJECT_VERSION = 1;
				DEVELOPMENT_ASSET_PATHS = "\"Tarinshot2/Preview Content\"";
				DEVELOPMENT_TEAM = 65HMD63LD5;
				ENABLE_PREVIEWS = YES;
				GENERATE_INFOPLIST_FILE = YES;
				"INFOPLIST_KEY_UIApplicationSceneManifest_Generation[sdk=iphoneos*]" = YES;
				"INFOPLIST_KEY_UIApplicationSceneManifest_Generation[sdk=iphonesimulator*]" = YES;
				"INFOPLIST_KEY_UIApplicationSupportsIndirectInputEvents[sdk=iphoneos*]" = YES;
				"INFOPLIST_KEY_UIApplicationSupportsIndirectInputEvents[sdk=iphonesimulator*]" = YES;
				"INFOPLIST_KEY_UILaunchScreen_Generation[sdk=iphoneos*]" = YES;
				"INFOPLIST_KEY_UILaunchScreen_Generation[sdk=iphonesimulator*]" = YES;
				"INFOPLIST_KEY_UIStatusBarStyle[sdk=iphoneos*]" = UIStatusBarStyleDefault;
				"INFOPLIST_KEY_UIStatusBarStyle[sdk=iphonesimulator*]" = UIStatusBarStyleDefault;
				INFOPLIST_KEY_UISupportedInterfaceOrientations_iPad = "UIInterfaceOrientationPortrait UIInterfaceOrientationPortraitUpsideDown UIInterfaceOrientationLandscapeLeft UIInterfaceOrientationLandscapeRight";
				INFOPLIST_KEY_UISupportedInterfaceOrientations_iPhone = "UIInterfaceOrientationPortrait UIInterfaceOrientationLandscapeLeft UIInterfaceOrientationLandscapeRight";
				IPHONEOS_DEPLOYMENT_TARGET = 16.1;
				LD_RUNPATH_SEARCH_PATHS = "@executable_path/Frameworks";
				"LD_RUNPATH_SEARCH_PATHS[sdk=macosx*]" = "@executable_path/../Frameworks";
				MACOSX_DEPLOYMENT_TARGET = 13.0;
				MARKETING_VERSION = 1.0;
				PRODUCT_BUNDLE_IDENTIFIER = twq.Tarinshot2;
				PRODUCT_NAME = "$(TARGET_NAME)";
				SDKROOT = auto;
				SUPPORTED_PLATFORMS = "iphoneos iphonesimulator macosx";
				SWIFT_EMIT_LOC_STRINGS = YES;
				SWIFT_VERSION = 5.0;
				TARGETED_DEVICE_FAMILY = "1,2";
			};
			name = Debug;
		};
		4CDECE4A296EDF7100677098 /* Release */ = {
			isa = XCBuildConfiguration;
			buildSettings = {
				ASSETCATALOG_COMPILER_APPICON_NAME = AppIcon;
				ASSETCATALOG_COMPILER_GLOBAL_ACCENT_COLOR_NAME = AccentColor;
				CODE_SIGN_ENTITLEMENTS = Tarinshot2/Tarinshot2.entitlements;
				CODE_SIGN_STYLE = Automatic;
				CURRENT_PROJECT_VERSION = 1;
				DEVELOPMENT_ASSET_PATHS = "\"Tarinshot2/Preview Content\"";
				DEVELOPMENT_TEAM = 65HMD63LD5;
				ENABLE_PREVIEWS = YES;
				GENERATE_INFOPLIST_FILE = YES;
				"INFOPLIST_KEY_UIApplicationSceneManifest_Generation[sdk=iphoneos*]" = YES;
				"INFOPLIST_KEY_UIApplicationSceneManifest_Generation[sdk=iphonesimulator*]" = YES;
				"INFOPLIST_KEY_UIApplicationSupportsIndirectInputEvents[sdk=iphoneos*]" = YES;
				"INFOPLIST_KEY_UIApplicationSupportsIndirectInputEvents[sdk=iphonesimulator*]" = YES;
				"INFOPLIST_KEY_UILaunchScreen_Generation[sdk=iphoneos*]" = YES;
				"INFOPLIST_KEY_UILaunchScreen_Generation[sdk=iphonesimulator*]" = YES;
				"INFOPLIST_KEY_UIStatusBarStyle[sdk=iphoneos*]" = UIStatusBarStyleDefault;
				"INFOPLIST_KEY_UIStatusBarStyle[sdk=iphonesimulator*]" = UIStatusBarStyleDefault;
				INFOPLIST_KEY_UISupportedInterfaceOrientations_iPad = "UIInterfaceOrientationPortrait UIInterfaceOrientationPortraitUpsideDown UIInterfaceOrientationLandscapeLeft UIInterfaceOrientationLandscapeRight";
				INFOPLIST_KEY_UISupportedInterfaceOrientations_iPhone = "UIInterfaceOrientationPortrait UIInterfaceOrientationLandscapeLeft UIInterfaceOrientationLandscapeRight";
				IPHONEOS_DEPLOYMENT_TARGET = 16.1;
				LD_RUNPATH_SEARCH_PATHS = "@executable_path/Frameworks";
				"LD_RUNPATH_SEARCH_PATHS[sdk=macosx*]" = "@executable_path/../Frameworks";
				MACOSX_DEPLOYMENT_TARGET = 13.0;
				MARKETING_VERSION = 1.0;
				PRODUCT_BUNDLE_IDENTIFIER = twq.Tarinshot2;
				PRODUCT_NAME = "$(TARGET_NAME)";
				SDKROOT = auto;
				SUPPORTED_PLATFORMS = "iphoneos iphonesimulator macosx";
				SWIFT_EMIT_LOC_STRINGS = YES;
				SWIFT_VERSION = 5.0;
				TARGETED_DEVICE_FAMILY = "1,2";
			};
			name = Release;
		};
		4CDECE4C296EDF7100677098 /* Debug */ = {
			isa = XCBuildConfiguration;
			buildSettings = {
				ALWAYS_EMBED_SWIFT_STANDARD_LIBRARIES = YES;
				BUNDLE_LOADER = "$(TEST_HOST)";
				CODE_SIGN_STYLE = Automatic;
				CURRENT_PROJECT_VERSION = 1;
				GENERATE_INFOPLIST_FILE = YES;
				IPHONEOS_DEPLOYMENT_TARGET = 16.1;
				MACOSX_DEPLOYMENT_TARGET = 13.0;
				MARKETING_VERSION = 1.0;
				PRODUCT_BUNDLE_IDENTIFIER = twq.Tarinshot2Tests;
				PRODUCT_NAME = "$(TARGET_NAME)";
				SDKROOT = auto;
				SUPPORTED_PLATFORMS = "iphoneos iphonesimulator macosx";
				SWIFT_EMIT_LOC_STRINGS = NO;
				SWIFT_VERSION = 5.0;
				TARGETED_DEVICE_FAMILY = "1,2";
				TEST_HOST = "$(BUILT_PRODUCTS_DIR)/Blot.app/$(BUNDLE_EXECUTABLE_FOLDER_PATH)/Blot";
			};
			name = Debug;
		};
		4CDECE4D296EDF7100677098 /* Release */ = {
			isa = XCBuildConfiguration;
			buildSettings = {
				ALWAYS_EMBED_SWIFT_STANDARD_LIBRARIES = YES;
				BUNDLE_LOADER = "$(TEST_HOST)";
				CODE_SIGN_STYLE = Automatic;
				CURRENT_PROJECT_VERSION = 1;
				GENERATE_INFOPLIST_FILE = YES;
				IPHONEOS_DEPLOYMENT_TARGET = 16.1;
				MACOSX_DEPLOYMENT_TARGET = 13.0;
				MARKETING_VERSION = 1.0;
				PRODUCT_BUNDLE_IDENTIFIER = twq.Tarinshot2Tests;
				PRODUCT_NAME = "$(TARGET_NAME)";
				SDKROOT = auto;
				SUPPORTED_PLATFORMS = "iphoneos iphonesimulator macosx";
				SWIFT_EMIT_LOC_STRINGS = NO;
				SWIFT_VERSION = 5.0;
				TARGETED_DEVICE_FAMILY = "1,2";
				TEST_HOST = "$(BUILT_PRODUCTS_DIR)/Blot.app/$(BUNDLE_EXECUTABLE_FOLDER_PATH)/Blot";
			};
			name = Release;
		};
		4CDECE4F296EDF7100677098 /* Debug */ = {
			isa = XCBuildConfiguration;
			buildSettings = {
				ALWAYS_EMBED_SWIFT_STANDARD_LIBRARIES = YES;
				CODE_SIGN_STYLE = Automatic;
				CURRENT_PROJECT_VERSION = 1;
				GENERATE_INFOPLIST_FILE = YES;
				IPHONEOS_DEPLOYMENT_TARGET = 16.1;
				MACOSX_DEPLOYMENT_TARGET = 13.0;
				MARKETING_VERSION = 1.0;
				PRODUCT_BUNDLE_IDENTIFIER = twq.Tarinshot2UITests;
				PRODUCT_NAME = "$(TARGET_NAME)";
				SDKROOT = auto;
				SUPPORTED_PLATFORMS = "iphoneos iphonesimulator macosx";
				SWIFT_EMIT_LOC_STRINGS = NO;
				SWIFT_VERSION = 5.0;
				TARGETED_DEVICE_FAMILY = "1,2";
				TEST_TARGET_NAME = Tarinshot2;
			};
			name = Debug;
		};
		4CDECE50296EDF7100677098 /* Release */ = {
			isa = XCBuildConfiguration;
			buildSettings = {
				ALWAYS_EMBED_SWIFT_STANDARD_LIBRARIES = YES;
				CODE_SIGN_STYLE = Automatic;
				CURRENT_PROJECT_VERSION = 1;
				GENERATE_INFOPLIST_FILE = YES;
				IPHONEOS_DEPLOYMENT_TARGET = 16.1;
				MACOSX_DEPLOYMENT_TARGET = 13.0;
				MARKETING_VERSION = 1.0;
				PRODUCT_BUNDLE_IDENTIFIER = twq.Tarinshot2UITests;
				PRODUCT_NAME = "$(TARGET_NAME)";
				SDKROOT = auto;
				SUPPORTED_PLATFORMS = "iphoneos iphonesimulator macosx";
				SWIFT_EMIT_LOC_STRINGS = NO;
				SWIFT_VERSION = 5.0;
				TARGETED_DEVICE_FAMILY = "1,2";
				TEST_TARGET_NAME = Tarinshot2;
			};
			name = Release;
		};
/* End XCBuildConfiguration section */

/* Begin XCConfigurationList section */
		4CDECE1E296EDF7000677098 /* Build configuration list for PBXProject "Blot" */ = {
			isa = XCConfigurationList;
			buildConfigurations = (
				4CDECE46296EDF7100677098 /* Debug */,
				4CDECE47296EDF7100677098 /* Release */,
			);
			defaultConfigurationIsVisible = 0;
			defaultConfigurationName = Release;
		};
		4CDECE48296EDF7100677098 /* Build configuration list for PBXNativeTarget "Blot" */ = {
			isa = XCConfigurationList;
			buildConfigurations = (
				4CDECE49296EDF7100677098 /* Debug */,
				4CDECE4A296EDF7100677098 /* Release */,
			);
			defaultConfigurationIsVisible = 0;
			defaultConfigurationName = Release;
		};
		4CDECE4B296EDF7100677098 /* Build configuration list for PBXNativeTarget "BlotTests" */ = {
			isa = XCConfigurationList;
			buildConfigurations = (
				4CDECE4C296EDF7100677098 /* Debug */,
				4CDECE4D296EDF7100677098 /* Release */,
			);
			defaultConfigurationIsVisible = 0;
			defaultConfigurationName = Release;
		};
		4CDECE4E296EDF7100677098 /* Build configuration list for PBXNativeTarget "BlotUITests" */ = {
			isa = XCConfigurationList;
			buildConfigurations = (
				4CDECE4F296EDF7100677098 /* Debug */,
				4CDECE50296EDF7100677098 /* Release */,
			);
			defaultConfigurationIsVisible = 0;
			defaultConfigurationName = Release;
		};
/* End XCConfigurationList section */
	};
	rootObject = 4CDECE1B296EDF7000677098 /* Project object */;
}
